
Microsoft Visual Studio Solution File, Format Version 12.00
# Visual Studio Version 17
VisualStudioVersion = 17.0.32014.148
MinimumVisualStudioVersion = 10.0.40219.1
Project("{FAE04EC0-301F-11D3-BF4B-00C04F79EFBC}") = "ChatApp ( WPF )", "ChatApp ( WPF )\ChatApp ( WPF ).csproj", "{37EADBC6-3C12-430A-BDEE-A55B76AFB4D7}"
EndProject
Global
	GlobalSection(SolutionConfigurationPlatforms) = preSolution
		Debug|Any CPU = Debug|Any CPU
		Release|Any CPU = Release|Any CPU
	EndGlobalSection
	GlobalSection(ProjectConfigurationPlatforms) = postSolution
		{37EADBC6-3C12-430A-BDEE-A55B76AFB4D7}.Debug|Any CPU.ActiveCfg = Debug|Any CPU
		{37EADBC6-3C12-430A-BDEE-A55B76AFB4D7}.Debug|Any CPU.Build.0 = Debug|Any CPU
		{37EADBC6-3C12-430A-BDEE-A55B76AFB4D7}.Release|Any CPU.ActiveCfg = Release|Any CPU
		{37EADBC6-3C12-430A-BDEE-A55B76AFB4D7}.Release|Any CPU.Build.0 = Release|Any CPU
	EndGlobalSection
	GlobalSection(SolutionProperties) = preSolution
		HideSolutionNode = FALSE
	EndGlobalSection
	GlobalSection(ExtensibilityGlobals) = postSolution
		SolutionGuid = {AEBDDDAA-2C28-4E45-8C97-DA9CAE2B46B9}
	EndGlobalSection
EndGlobal
